
Microsoft Visual Studio Solution File, Format Version 12.00
# Visual Studio Version 17
VisualStudioVersion = 17.6.33829.357
MinimumVisualStudioVersion = 10.0.40219.1
Project("{FAE04EC0-301F-11D3-BF4B-00C04F79EFBC}") = "EasyCashIdentityProject.EntityLayer", "EasyCashIdentityProject.EntityLayer\EasyCashIdentityProject.EntityLayer.csproj", "{E6992005-F7F8-4A85-B72B-DC7C7B05AED1}"
EndProject
Project("{FAE04EC0-301F-11D3-BF4B-00C04F79EFBC}") = "EasyCashIdentityProject.DataAccessLayer", "EasyCashIdentityProject.DataAccessLayer\EasyCashIdentityProject.DataAccessLayer.csproj", "{249DE6D2-55B8-4FC2-9EB6-02810E90AFD8}"
EndProject
Project("{FAE04EC0-301F-11D3-BF4B-00C04F79EFBC}") = "EasyCashIdentityProject.BusinessLayer", "EasyCashIdentityProject.BusinessLayer\EasyCashIdentityProject.BusinessLayer.csproj", "{0F239A20-F9C8-45FC-A4BD-846211D5690D}"
EndProject
Project("{FAE04EC0-301F-11D3-BF4B-00C04F79EFBC}") = "EasyCashIdentityProject.DtoLayer", "EasyCashIdentityProject.DtoLayer\EasyCashIdentityProject.DtoLayer.csproj", "{71777E66-8422-4D5E-B2B5-86A39434F94F}"
EndProject
Project("{FAE04EC0-301F-11D3-BF4B-00C04F79EFBC}") = "EasyCashIdentityProject.PresentationLayer", "EasyCashIdentityProject.PresentationLayer\EasyCashIdentityProject.PresentationLayer.csproj", "{3D2DD7E2-E93A-4085-B909-A1D6A8E6853F}"
EndProject
Global
	GlobalSection(SolutionConfigurationPlatforms) = preSolution
		Debug|Any CPU = Debug|Any CPU
		Debug|x64 = Debug|x64
		Debug|x86 = Debug|x86
		Release|Any CPU = Release|Any CPU
		Release|x64 = Release|x64
		Release|x86 = Release|x86
	EndGlobalSection
	GlobalSection(ProjectConfigurationPlatforms) = postSolution
		{E6992005-F7F8-4A85-B72B-DC7C7B05AED1}.Debug|Any CPU.ActiveCfg = Debug|Any CPU
		{E6992005-F7F8-4A85-B72B-DC7C7B05AED1}.Debug|Any CPU.Build.0 = Debug|Any CPU
		{E6992005-F7F8-4A85-B72B-DC7C7B05AED1}.Debug|x64.ActiveCfg = Debug|Any CPU
		{E6992005-F7F8-4A85-B72B-DC7C7B05AED1}.Debug|x64.Build.0 = Debug|Any CPU
		{E6992005-F7F8-4A85-B72B-DC7C7B05AED1}.Debug|x86.ActiveCfg = Debug|Any CPU
		{E6992005-F7F8-4A85-B72B-DC7C7B05AED1}.Debug|x86.Build.0 = Debug|Any CPU
		{E6992005-F7F8-4A85-B72B-DC7C7B05AED1}.Release|Any CPU.ActiveCfg = Release|Any CPU
		{E6992005-F7F8-4A85-B72B-DC7C7B05AED1}.Release|Any CPU.Build.0 = Release|Any CPU
		{E6992005-F7F8-4A85-B72B-DC7C7B05AED1}.Release|x64.ActiveCfg = Release|Any CPU
		{E6992005-F7F8-4A85-B72B-DC7C7B05AED1}.Release|x64.Build.0 = Release|Any CPU
		{E6992005-F7F8-4A85-B72B-DC7C7B05AED1}.Release|x86.ActiveCfg = Release|Any CPU
		{E6992005-F7F8-4A85-B72B-DC7C7B05AED1}.Release|x86.Build.0 = Release|Any CPU
		{249DE6D2-55B8-4FC2-9EB6-02810E90AFD8}.Debug|Any CPU.ActiveCfg = Debug|Any CPU
		{249DE6D2-55B8-4FC2-9EB6-02810E90AFD8}.Debug|Any CPU.Build.0 = Debug|Any CPU
		{249DE6D2-55B8-4FC2-9EB6-02810E90AFD8}.Debug|x64.ActiveCfg = Debug|Any CPU
		{249DE6D2-55B8-4FC2-9EB6-02810E90AFD8}.Debug|x64.Build.0 = Debug|Any CPU
		{249DE6D2-55B8-4FC2-9EB6-02810E90AFD8}.Debug|x86.ActiveCfg = Debug|Any CPU
		{249DE6D2-55B8-4FC2-9EB6-02810E90AFD8}.Debug|x86.Build.0 = Debug|Any CPU
		{249DE6D2-55B8-4FC2-9EB6-02810E90AFD8}.Release|Any CPU.ActiveCfg = Release|Any CPU
		{249DE6D2-55B8-4FC2-9EB6-02810E90AFD8}.Release|Any CPU.Build.0 = Release|Any CPU
		{249DE6D2-55B8-4FC2-9EB6-02810E90AFD8}.Release|x64.ActiveCfg = Release|Any CPU
		{249DE6D2-55B8-4FC2-9EB6-02810E90AFD8}.Release|x64.Build.0 = Release|Any CPU
		{249DE6D2-55B8-4FC2-9EB6-02810E90AFD8}.Release|x86.ActiveCfg = Release|Any CPU
		{249DE6D2-55B8-4FC2-9EB6-02810E90AFD8}.Release|x86.Build.0 = Release|Any CPU
		{0F239A20-F9C8-45FC-A4BD-846211D5690D}.Debug|Any CPU.ActiveCfg = Debug|Any CPU
		{0F239A20-F9C8-45FC-A4BD-846211D5690D}.Debug|Any CPU.Build.0 = Debug|Any CPU
		{0F239A20-F9C8-45FC-A4BD-846211D5690D}.Debug|x64.ActiveCfg = Debug|Any CPU
		{0F239A20-F9C8-45FC-A4BD-846211D5690D}.Debug|x64.Build.0 = Debug|Any CPU
		{0F239A20-F9C8-45FC-A4BD-846211D5690D}.Debug|x86.ActiveCfg = Debug|Any CPU
		{0F239A20-F9C8-45FC-A4BD-846211D5690D}.Debug|x86.Build.0 = Debug|Any CPU
		{0F239A20-F9C8-45FC-A4BD-846211D5690D}.Release|Any CPU.ActiveCfg = Release|Any CPU
		{0F239A20-F9C8-45FC-A4BD-846211D5690D}.Release|Any CPU.Build.0 = Release|Any CPU
		{0F239A20-F9C8-45FC-A4BD-846211D5690D}.Release|x64.ActiveCfg = Release|Any CPU
		{0F239A20-F9C8-45FC-A4BD-846211D5690D}.Release|x64.Build.0 = Release|Any CPU
		{0F239A20-F9C8-45FC-A4BD-846211D5690D}.Release|x86.ActiveCfg = Release|Any CPU
		{0F239A20-F9C8-45FC-A4BD-846211D5690D}.Release|x86.Build.0 = Release|Any CPU
		{71777E66-8422-4D5E-B2B5-86A39434F94F}.Debug|Any CPU.ActiveCfg = Debug|Any CPU
		{71777E66-8422-4D5E-B2B5-86A39434F94F}.Debug|Any CPU.Build.0 = Debug|Any CPU
		{71777E66-8422-4D5E-B2B5-86A39434F94F}.Debug|x64.ActiveCfg = Debug|Any CPU
		{71777E66-8422-4D5E-B2B5-86A39434F94F}.Debug|x64.Build.0 = Debug|Any CPU
		{71777E66-8422-4D5E-B2B5-86A39434F94F}.Debug|x86.ActiveCfg = Debug|Any CPU
		{71777E66-8422-4D5E-B2B5-86A39434F94F}.Debug|x86.Build.0 = Debug|Any CPU
		{71777E66-8422-4D5E-B2B5-86A39434F94F}.Release|Any CPU.ActiveCfg = Release|Any CPU
		{71777E66-8422-4D5E-B2B5-86A39434F94F}.Release|Any CPU.Build.0 = Release|Any CPU
		{71777E66-8422-4D5E-B2B5-86A39434F94F}.Release|x64.ActiveCfg = Release|Any CPU
		{71777E66-8422-4D5E-B2B5-86A39434F94F}.Release|x64.Build.0 = Release|Any CPU
		{71777E66-8422-4D5E-B2B5-86A39434F94F}.Release|x86.ActiveCfg = Release|Any CPU
		{71777E66-8422-4D5E-B2B5-86A39434F94F}.Release|x86.Build.0 = Release|Any CPU
		{3D2DD7E2-E93A-4085-B909-A1D6A8E6853F}.Debug|Any CPU.ActiveCfg = Debug|Any CPU
		{3D2DD7E2-E93A-4085-B909-A1D6A8E6853F}.Debug|Any CPU.Build.0 = Debug|Any CPU
		{3D2DD7E2-E93A-4085-B909-A1D6A8E6853F}.Debug|x64.ActiveCfg = Debug|Any CPU
		{3D2DD7E2-E93A-4085-B909-A1D6A8E6853F}.Debug|x64.Build.0 = Debug|Any CPU
		{3D2DD7E2-E93A-4085-B909-A1D6A8E6853F}.Debug|x86.ActiveCfg = Debug|Any CPU
		{3D2DD7E2-E93A-4085-B909-A1D6A8E6853F}.Debug|x86.Build.0 = Debug|Any CPU
		{3D2DD7E2-E93A-4085-B909-A1D6A8E6853F}.Release|Any CPU.ActiveCfg = Release|Any CPU
		{3D2DD7E2-E93A-4085-B909-A1D6A8E6853F}.Release|Any CPU.Build.0 = Release|Any CPU
		{3D2DD7E2-E93A-4085-B909-A1D6A8E6853F}.Release|x64.ActiveCfg = Release|Any CPU
		{3D2DD7E2-E93A-4085-B909-A1D6A8E6853F}.Release|x64.Build.0 = Release|Any CPU
		{3D2DD7E2-E93A-4085-B909-A1D6A8E6853F}.Release|x86.ActiveCfg = Release|Any CPU
		{3D2DD7E2-E93A-4085-B909-A1D6A8E6853F}.Release|x86.Build.0 = Release|Any CPU
	EndGlobalSection
	GlobalSection(SolutionProperties) = preSolution
		HideSolutionNode = FALSE
	EndGlobalSection
	GlobalSection(ExtensibilityGlobals) = postSolution
		SolutionGuid = {9D66C25B-FE1E-42EA-98F4-A3148F4B7652}
	EndGlobalSection
EndGlobal
